# This file was autogenerated by Stack.
# You should not edit this file by hand.
# For more information, please see the documentation at:
#   https://docs.haskellstack.org/en/stable/lock_files

packages:
- completed:
    hackage: errata-0.3.0.0@sha256:3537e4b29a22c0fd9866dce5d7fac2ad16e9ff636b6ecbe819ab21a56366cc8d,2086
    pantry-tree:
      sha256: 137a43b8531539661c590dd6fdf322bd00a8303d0df031e313c4aed271dea415
      size: 683
  original:
    hackage: errata-0.3.0.0
- completed:
    hackage: table-layout-0.9.1.0@sha256:172b8b3a06c992839a781b77e42bbce689ba87d92c260acb61d187f7e6aad7f2,7154
    pantry-tree:
      sha256: d3b20ca5e8342d24fa7cfb5e3d39853a14f572f0a95b7bc9d0fea82baa0a4c10
      size: 2216
  original:
    hackage: table-layout-0.9.1.0
- completed:
    hackage: ConfigFile-1.1.4@sha256:4cb481f88bbbbba5a61d2c1aa76fda01ae3d8ba9d11439a6cf56a86bfa791883,2097
    pantry-tree:
      sha256: ca968890a1f57385aa0d3ccc979e641f02705f2b3044bc55ec650911ea6c46f4
      size: 1016
  original:
    hackage: ConfigFile-1.1.4@sha256:4cb481f88bbbbba5a61d2c1aa76fda01ae3d8ba9d11439a6cf56a86bfa791883,2097
- completed:
    hackage: data-default-instances-base-0.1.0.1@sha256:985a13d7103e45a65f06f277b735ef025636014f0d29dd6de998bc7628e09be9,509
    pantry-tree:
      sha256: 92969ddf22c5f54123fb2bcfbe5917b59a7e6382473b0306bcd8fb7990d9aa1a
      size: 242
  original:
    hackage: data-default-instances-base-0.1.0.1@sha256:985a13d7103e45a65f06f277b735ef025636014f0d29dd6de998bc7628e09be9,509
snapshots:
- completed:
    sha256: 428ec8d5ce932190d3cbe266b9eb3c175cd81e984babf876b64019e2cbe4ea68
    size: 590100
    url: https://raw.githubusercontent.com/commercialhaskell/stackage-snapshots/master/lts/18/28.yaml
  original: lts-18.28
